// !$*UTF8*$!
{
	archiveVersion = 1;
	classes = {
	};
	objectVersion = 52;
	objects = {

/* Begin PBXBuildFile section */
		EDF7DAFD24406090004B6BFE /* AppDelegate.swift in Sources */ = {isa = PBXBuildFile; fileRef = EDF7DAFC24406090004B6BFE /* AppDelegate.swift */; };
		EDF7DAFF24406090004B6BFE /* SceneDelegate.swift in Sources */ = {isa = PBXBuildFile; fileRef = EDF7DAFE24406090004B6BFE /* SceneDelegate.swift */; };
		EDF7DB0124406090004B6BFE /* ContentView.swift in Sources */ = {isa = PBXBuildFile; fileRef = EDF7DB0024406090004B6BFE /* ContentView.swift */; };
		EDF7DB0324406093004B6BFE /* Assets.xcassets in Resources */ = {isa = PBXBuildFile; fileRef = EDF7DB0224406093004B6BFE /* Assets.xcassets */; };
		EDF7DB0624406093004B6BFE /* Preview Assets.xcassets in Resources */ = {isa = PBXBuildFile; fileRef = EDF7DB0524406093004B6BFE /* Preview Assets.xcassets */; };
		EDF7DB0924406093004B6BFE /* LaunchScreen.storyboard in Resources */ = {isa = PBXBuildFile; fileRef = EDF7DB0724406093004B6BFE /* LaunchScreen.storyboard */; };
		EDF7DB1124406178004B6BFE /* MainController.swift in Sources */ = {isa = PBXBuildFile; fileRef = EDF7DB1024406178004B6BFE /* MainController.swift */; };
		EDF7DB142440638C004B6BFE /* LBTATools in Frameworks */ = {isa = PBXBuildFile; productRef = EDF7DB132440638C004B6BFE /* LBTATools */; };
		EDF7DB18244097A6004B6BFE /* PhotosGridController.swift in Sources */ = {isa = PBXBuildFile; fileRef = EDF7DB17244097A6004B6BFE /* PhotosGridController.swift */; };
/* End PBXBuildFile section */

/* Begin PBXFileReference section */
		EDF7DAF924406090004B6BFE /* LBTA_UIKitFacebook2019.app */ = {isa = PBXFileReference; explicitFileType = wrapper.application; includeInIndex = 0; path = LBTA_UIKitFacebook2019.app; sourceTree = BUILT_PRODUCTS_DIR; };
		EDF7DAFC24406090004B6BFE /* AppDelegate.swift */ = {isa = PBXFileReference; lastKnownFileType = sourcecode.swift; path = AppDelegate.swift; sourceTree = "<group>"; };
		EDF7DAFE24406090004B6BFE /* SceneDelegate.swift */ = {isa = PBXFileReference; lastKnownFileType = sourcecode.swift; path = SceneDelegate.swift; sourceTree = "<group>"; };
		EDF7DB0024406090004B6BFE /* ContentView.swift */ = {isa = PBXFileReference; lastKnownFileType = sourcecode.swift; path = ContentView.swift; sourceTree = "<group>"; };
		EDF7DB0224406093004B6BFE /* Assets.xcassets */ = {isa = PBXFileReference; lastKnownFileType = folder.assetcatalog; path = Assets.xcassets; sourceTree = "<group>"; };
		EDF7DB0524406093004B6BFE /* Preview Assets.xcassets */ = {isa = PBXFileReference; lastKnownFileType = folder.assetcatalog; path = "Preview Assets.xcassets"; sourceTree = "<group>"; };
		EDF7DB0824406093004B6BFE /* Base */ = {isa = PBXFileReference; lastKnownFileType = file.storyboard; name = Base; path = Base.lproj/LaunchScreen.storyboard; sourceTree = "<group>"; };
		EDF7DB0A24406093004B6BFE /* Info.plist */ = {isa = PBXFileReference; lastKnownFileType = text.plist.xml; path = Info.plist; sourceTree = "<group>"; };
		EDF7DB1024406178004B6BFE /* MainController.swift */ = {isa = PBXFileReference; fileEncoding = 4; lastKnownFileType = sourcecode.swift; path = MainController.swift; sourceTree = "<group>"; };
		EDF7DB17244097A6004B6BFE /* PhotosGridController.swift */ = {isa = PBXFileReference; lastKnownFileType = sourcecode.swift; path = PhotosGridController.swift; sourceTree = "<group>"; };
/* End PBXFileReference section */

/* Begin PBXFrameworksBuildPhase section */
		EDF7DAF624406090004B6BFE /* Frameworks */ = {
			isa = PBXFrameworksBuildPhase;
			buildActionMask = 2147483647;
			files = (
				EDF7DB142440638C004B6BFE /* LBTATools in Frameworks */,
			);
			runOnlyForDeploymentPostprocessing = 0;
		};
/* End PBXFrameworksBuildPhase section */

/* Begin PBXGroup section */
		EDF7DAF02440608F004B6BFE = {
			isa = PBXGroup;
			children = (
				EDF7DAFB24406090004B6BFE /* LBTA_UIKitFacebook2019 */,
				EDF7DAFA24406090004B6BFE /* Products */,
			);
			sourceTree = "<group>";
		};
		EDF7DAFA24406090004B6BFE /* Products */ = {
			isa = PBXGroup;
			children = (
				EDF7DAF924406090004B6BFE /* LBTA_UIKitFacebook2019.app */,
			);
			name = Products;
			sourceTree = "<group>";
		};
		EDF7DAFB24406090004B6BFE /* LBTA_UIKitFacebook2019 */ = {
			isa = PBXGroup;
			children = (
				EDF7DAFC24406090004B6BFE /* AppDelegate.swift */,
				EDF7DAFE24406090004B6BFE /* SceneDelegate.swift */,
				EDF7DB0024406090004B6BFE /* ContentView.swift */,
				EDF7DB0224406093004B6BFE /* Assets.xcassets */,
				EDF7DB0724406093004B6BFE /* LaunchScreen.storyboard */,
				EDF7DB0A24406093004B6BFE /* Info.plist */,
				EDF7DB0424406093004B6BFE /* Preview Content */,
			);
			path = LBTA_UIKitFacebook2019;
			sourceTree = "<group>";
		};
		EDF7DB0424406093004B6BFE /* Preview Content */ = {
			isa = PBXGroup;
			children = (
				EDF7DB1024406178004B6BFE /* MainController.swift */,
				EDF7DB0524406093004B6BFE /* Preview Assets.xcassets */,
				EDF7DB17244097A6004B6BFE /* PhotosGridController.swift */,
			);
			path = "Preview Content";
			sourceTree = "<group>";
		};
/* End PBXGroup section */

/* Begin PBXNativeTarget section */
		EDF7DAF824406090004B6BFE /* LBTA_UIKitFacebook2019 */ = {
			isa = PBXNativeTarget;
			buildConfigurationList = EDF7DB0D24406093004B6BFE /* Build configuration list for PBXNativeTarget "LBTA_UIKitFacebook2019" */;
			buildPhases = (
				EDF7DAF524406090004B6BFE /* Sources */,
				EDF7DAF624406090004B6BFE /* Frameworks */,
				EDF7DAF724406090004B6BFE /* Resources */,
			);
			buildRules = (
			);
			dependencies = (
			);
			name = LBTA_UIKitFacebook2019;
			packageProductDependencies = (
				EDF7DB132440638C004B6BFE /* LBTATools */,
			);
			productName = LBTA_UIKitFacebook2019;
			productReference = EDF7DAF924406090004B6BFE /* LBTA_UIKitFacebook2019.app */;
			productType = "com.apple.product-type.application";
		};
/* End PBXNativeTarget section */

/* Begin PBXProject section */
		EDF7DAF12440608F004B6BFE /* Project object */ = {
			isa = PBXProject;
			attributes = {
				LastSwiftUpdateCheck = 1140;
				LastUpgradeCheck = 1140;
				ORGANIZATIONNAME = "Mykola Matsko";
				TargetAttributes = {
					EDF7DAF824406090004B6BFE = {
						CreatedOnToolsVersion = 11.4;
					};
				};
			};
			buildConfigurationList = EDF7DAF424406090004B6BFE /* Build configuration list for PBXProject "LBTA_UIKitFacebook2019" */;
			compatibilityVersion = "Xcode 9.3";
			developmentRegion = en;
			hasScannedForEncodings = 0;
			knownRegions = (
				en,
				Base,
			);
			mainGroup = EDF7DAF02440608F004B6BFE;
			packageReferences = (
				EDF7DB122440638C004B6BFE /* XCRemoteSwiftPackageReference "LBTATools" */,
			);
			productRefGroup = EDF7DAFA24406090004B6BFE /* Products */;
			projectDirPath = "";
			projectRoot = "";
			targets = (
				EDF7DAF824406090004B6BFE /* LBTA_UIKitFacebook2019 */,
			);
		};
/* End PBXProject section */

/* Begin PBXResourcesBuildPhase section */
		EDF7DAF724406090004B6BFE /* Resources */ = {
			isa = PBXResourcesBuildPhase;
			buildActionMask = 2147483647;
			files = (
				EDF7DB0924406093004B6BFE /* LaunchScreen.storyboard in Resources */,
				EDF7DB0624406093004B6BFE /* Preview Assets.xcassets in Resources */,
				EDF7DB0324406093004B6BFE /* Assets.xcassets in Resources */,
			);
			runOnlyForDeploymentPostprocessing = 0;
		};
/* End PBXResourcesBuildPhase section */

/* Begin PBXSourcesBuildPhase section */
		EDF7DAF524406090004B6BFE /* Sources */ = {
			isa = PBXSourcesBuildPhase;
			buildActionMask = 2147483647;
			files = (
				EDF7DB1124406178004B6BFE /* MainController.swift in Sources */,
				EDF7DAFD24406090004B6BFE /* AppDelegate.swift in Sources */,
				EDF7DAFF24406090004B6BFE /* SceneDelegate.swift in Sources */,
				EDF7DB18244097A6004B6BFE /* PhotosGridController.swift in Sources */,
				EDF7DB0124406090004B6BFE /* ContentView.swift in Sources */,
			);
			runOnlyForDeploymentPostprocessing = 0;
		};
/* End PBXSourcesBuildPhase section */

/* Begin PBXVariantGroup section */
		EDF7DB0724406093004B6BFE /* LaunchScreen.storyboard */ = {
			isa = PBXVariantGroup;
			children = (
				EDF7DB0824406093004B6BFE /* Base */,
			);
			name = LaunchScreen.storyboard;
			sourceTree = "<group>";
		};
/* End PBXVariantGroup section */

/* Begin XCBuildConfiguration section */
		EDF7DB0B24406093004B6BFE /* Debug */ = {
			isa = XCBuildConfiguration;
			buildSettings = {
				ALWAYS_SEARCH_USER_PATHS = NO;
				CLANG_ANALYZER_NONNULL = YES;
				CLANG_ANALYZER_NUMBER_OBJECT_CONVERSION = YES_AGGRESSIVE;
				CLANG_CXX_LANGUAGE_STANDARD = "gnu++14";
				CLANG_CXX_LIBRARY = "libc++";
				CLANG_ENABLE_MODULES = YES;
				CLANG_ENABLE_OBJC_ARC = YES;
				CLANG_ENABLE_OBJC_WEAK = YES;
				CLANG_WARN_BLOCK_CAPTURE_AUTORELEASING = YES;
				CLANG_WARN_BOOL_CONVERSION = YES;
				CLANG_WARN_COMMA = YES;
				CLANG_WARN_CONSTANT_CONVERSION = YES;
				CLANG_WARN_DEPRECATED_OBJC_IMPLEMENTATIONS = YES;
				CLANG_WARN_DIRECT_OBJC_ISA_USAGE = YES_ERROR;
				CLANG_WARN_DOCUMENTATION_COMMENTS = YES;
				CLANG_WARN_EMPTY_BODY = YES;
				CLANG_WARN_ENUM_CONVERSION = YES;
				CLANG_WARN_INFINITE_RECURSION = YES;
				CLANG_WARN_INT_CONVERSION = YES;
				CLANG_WARN_NON_LITERAL_NULL_CONVERSION = YES;
				CLANG_WARN_OBJC_IMPLICIT_RETAIN_SELF = YES;
				CLANG_WARN_OBJC_LITERAL_CONVERSION = YES;
				CLANG_WARN_OBJC_ROOT_CLASS = YES_ERROR;
				CLANG_WARN_RANGE_LOOP_ANALYSIS = YES;
				CLANG_WARN_STRICT_PROTOTYPES = YES;
				CLANG_WARN_SUSPICIOUS_MOVE = YES;
				CLANG_WARN_UNGUARDED_AVAILABILITY = YES_AGGRESSIVE;
				CLANG_WARN_UNREACHABLE_CODE = YES;
				CLANG_WARN__DUPLICATE_METHOD_MATCH = YES;
				COPY_PHASE_STRIP = NO;
				DEBUG_INFORMATION_FORMAT = dwarf;
				ENABLE_STRICT_OBJC_MSGSEND = YES;
				ENABLE_TESTABILITY = YES;
				GCC_C_LANGUAGE_STANDARD = gnu11;
				GCC_DYNAMIC_NO_PIC = NO;
				GCC_NO_COMMON_BLOCKS = YES;
				GCC_OPTIMIZATION_LEVEL = 0;
				GCC_PREPROCESSOR_DEFINITIONS = (
					"DEBUG=1",
					"$(inherited)",
				);
				GCC_WARN_64_TO_32_BIT_CONVERSION = YES;
				GCC_WARN_ABOUT_RETURN_TYPE = YES_ERROR;
				GCC_WARN_UNDECLARED_SELECTOR = YES;
				GCC_WARN_UNINITIALIZED_AUTOS = YES_AGGRESSIVE;
				GCC_WARN_UNUSED_FUNCTION = YES;
				GCC_WARN_UNUSED_VARIABLE = YES;
				IPHONEOS_DEPLOYMENT_TARGET = 13.4;
				MTL_ENABLE_DEBUG_INFO = INCLUDE_SOURCE;
				MTL_FAST_MATH = YES;
				ONLY_ACTIVE_ARCH = YES;
				SDKROOT = iphoneos;
				SWIFT_ACTIVE_COMPILATION_CONDITIONS = DEBUG;
				SWIFT_OPTIMIZATION_LEVEL = "-Onone";
			};
			name = Debug;
		};
		EDF7DB0C24406093004B6BFE /* Release */ = {
			isa = XCBuildConfiguration;
			buildSettings = {
				ALWAYS_SEARCH_USER_PATHS = NO;
				CLANG_ANALYZER_NONNULL = YES;
				CLANG_ANALYZER_NUMBER_OBJECT_CONVERSION = YES_AGGRESSIVE;
				CLANG_CXX_LANGUAGE_STANDARD = "gnu++14";
				CLANG_CXX_LIBRARY = "libc++";
				CLANG_ENABLE_MODULES = YES;
				CLANG_ENABLE_OBJC_ARC = YES;
				CLANG_ENABLE_OBJC_WEAK = YES;
				CLANG_WARN_BLOCK_CAPTURE_AUTORELEASING = YES;
				CLANG_WARN_BOOL_CONVERSION = YES;
				CLANG_WARN_COMMA = YES;
				CLANG_WARN_CONSTANT_CONVERSION = YES;
				CLANG_WARN_DEPRECATED_OBJC_IMPLEMENTATIONS = YES;
				CLANG_WARN_DIRECT_OBJC_ISA_USAGE = YES_ERROR;
				CLANG_WARN_DOCUMENTATION_COMMENTS = YES;
				CLANG_WARN_EMPTY_BODY = YES;
				CLANG_WARN_ENUM_CONVERSION = YES;
				CLANG_WARN_INFINITE_RECURSION = YES;
				CLANG_WARN_INT_CONVERSION = YES;
				CLANG_WARN_NON_LITERAL_NULL_CONVERSION = YES;
				CLANG_WARN_OBJC_IMPLICIT_RETAIN_SELF = YES;
				CLANG_WARN_OBJC_LITERAL_CONVERSION = YES;
				CLANG_WARN_OBJC_ROOT_CLASS = YES_ERROR;
				CLANG_WARN_RANGE_LOOP_ANALYSIS = YES;
				CLANG_WARN_STRICT_PROTOTYPES = YES;
				CLANG_WARN_SUSPICIOUS_MOVE = YES;
				CLANG_WARN_UNGUARDED_AVAILABILITY = YES_AGGRESSIVE;
				CLANG_WARN_UNREACHABLE_CODE = YES;
				CLANG_WARN__DUPLICATE_METHOD_MATCH = YES;
				COPY_PHASE_STRIP = NO;
				DEBUG_INFORMATION_FORMAT = "dwarf-with-dsym";
				ENABLE_NS_ASSERTIONS = NO;
				ENABLE_STRICT_OBJC_MSGSEND = YES;
				GCC_C_LANGUAGE_STANDARD = gnu11;
				GCC_NO_COMMON_BLOCKS = YES;
				GCC_WARN_64_TO_32_BIT_CONVERSION = YES;
				GCC_WARN_ABOUT_RETURN_TYPE = YES_ERROR;
				GCC_WARN_UNDECLARED_SELECTOR = YES;
				GCC_WARN_UNINITIALIZED_AUTOS = YES_AGGRESSIVE;
				GCC_WARN_UNUSED_FUNCTION = YES;
				GCC_WARN_UNUSED_VARIABLE = YES;
				IPHONEOS_DEPLOYMENT_TARGET = 13.4;
				MTL_ENABLE_DEBUG_INFO = NO;
				MTL_FAST_MATH = YES;
				SDKROOT = iphoneos;
				SWIFT_COMPILATION_MODE = wholemodule;
				SWIFT_OPTIMIZATION_LEVEL = "-O";
				VALIDATE_PRODUCT = YES;
			};
			name = Release;
		};
		EDF7DB0E24406093004B6BFE /* Debug */ = {
			isa = XCBuildConfiguration;
			buildSettings = {
				ASSETCATALOG_COMPILER_APPICON_NAME = AppIcon;
				CODE_SIGN_STYLE = Automatic;
				DEVELOPMENT_ASSET_PATHS = "\"LBTA_UIKitFacebook2019/Preview Content\"";
				DEVELOPMENT_TEAM = 6RCA557BDZ;
				ENABLE_PREVIEWS = YES;
				INFOPLIST_FILE = LBTA_UIKitFacebook2019/Info.plist;
				LD_RUNPATH_SEARCH_PATHS = (
					"$(inherited)",
					"@executable_path/Frameworks",
				);
				PRODUCT_BUNDLE_IDENTIFIER = "com.mykola.matsko.LBTA-UIKitFacebook2019";
				PRODUCT_NAME = "$(TARGET_NAME)";
				SWIFT_VERSION = 5.0;
				TARGETED_DEVICE_FAMILY = "1,2";
			};
			name = Debug;
		};
		EDF7DB0F24406093004B6BFE /* Release */ = {
			isa = XCBuildConfiguration;
			buildSettings = {
				ASSETCATALOG_COMPILER_APPICON_NAME = AppIcon;
				CODE_SIGN_STYLE = Automatic;
				DEVELOPMENT_ASSET_PATHS = "\"LBTA_UIKitFacebook2019/Preview Content\"";
				DEVELOPMENT_TEAM = 6RCA557BDZ;
				ENABLE_PREVIEWS = YES;
				INFOPLIST_FILE = LBTA_UIKitFacebook2019/Info.plist;
				LD_RUNPATH_SEARCH_PATHS = (
					"$(inherited)",
					"@executable_path/Frameworks",
				);
				PRODUCT_BUNDLE_IDENTIFIER = "com.mykola.matsko.LBTA-UIKitFacebook2019";
				PRODUCT_NAME = "$(TARGET_NAME)";
				SWIFT_VERSION = 5.0;
				TARGETED_DEVICE_FAMILY = "1,2";
			};
			name = Release;
		};
/* End XCBuildConfiguration section */

/* Begin XCConfigurationList section */
		EDF7DAF424406090004B6BFE /* Build configuration list for PBXProject "LBTA_UIKitFacebook2019" */ = {
			isa = XCConfigurationList;
			buildConfigurations = (
				EDF7DB0B24406093004B6BFE /* Debug */,
				EDF7DB0C24406093004B6BFE /* Release */,
			);
			defaultConfigurationIsVisible = 0;
			defaultConfigurationName = Release;
		};
		EDF7DB0D24406093004B6BFE /* Build configuration list for PBXNativeTarget "LBTA_UIKitFacebook2019" */ = {
			isa = XCConfigurationList;
			buildConfigurations = (
				EDF7DB0E24406093004B6BFE /* Debug */,
				EDF7DB0F24406093004B6BFE /* Release */,
			);
			defaultConfigurationIsVisible = 0;
			defaultConfigurationName = Release;
		};
/* End XCConfigurationList section */

/* Begin XCRemoteSwiftPackageReference section */
		EDF7DB122440638C004B6BFE /* XCRemoteSwiftPackageReference "LBTATools" */ = {
			isa = XCRemoteSwiftPackageReference;
			repositoryURL = "https://github.com/bhlvoong/LBTATools.git";
			requirement = {
				kind = upToNextMajorVersion;
				minimumVersion = 1.0.17;
			};
		};
/* End XCRemoteSwiftPackageReference section */

/* Begin XCSwiftPackageProductDependency section */
		EDF7DB132440638C004B6BFE /* LBTATools */ = {
			isa = XCSwiftPackageProductDependency;
			package = EDF7DB122440638C004B6BFE /* XCRemoteSwiftPackageReference "LBTATools" */;
			productName = LBTATools;
		};
/* End XCSwiftPackageProductDependency section */
	};
	rootObject = EDF7DAF12440608F004B6BFE /* Project object */;
}
